github.com/Elagoht/collage v0.49.0 h1:kgvo+vpy9jWlKVIfvGNKHnjolWAHbke9s9jnQPJMUkM=
github.com/Elagoht/collage v0.49.0/go.mod h1:tyGWGpujZXtCFFxn9pjws85HOFOt4QdiuRswwQhj1Qw=
golang.org/x/net v0.59.0 h1:5zfYln+w5XCxwrnMMJPufRgNoXEaGxl0wo5GqPXyues=
golang.org/x/net v0.59.0/go.mod h1:2DA/G1UfVbCpQPeWTmMPGY7Cs2PkBkwu743bVX5PIVg=
